
Microsoft Visual Studio Solution File, Format Version 12.00
# Visual Studio Version 16
VisualStudioVersion = 16.0.31313.79
MinimumVisualStudioVersion = 10.0.40219.1
Project("{FAE04EC0-301F-11D3-BF4B-00C04F79EFBC}") = "RTIS_Vulcan_UI", "RTIS_Vulcan_UI.csproj", "{D6D0EB05-EFE9-40D6-9EBE-D08091C63BC7}"
EndProject
Global
	GlobalSection(SolutionConfigurationPlatforms) = preSolution
		All|Any CPU = All|Any CPU
		Debug|Any CPU = Debug|Any CPU
		Release|Any CPU = Release|Any CPU
	EndGlobalSection
	GlobalSection(ProjectConfigurationPlatforms) = postSolution
		{D6D0EB05-EFE9-40D6-9EBE-D08091C63BC7}.All|Any CPU.ActiveCfg = Release|Any CPU
		{D6D0EB05-EFE9-40D6-9EBE-D08091C63BC7}.All|Any CPU.Build.0 = Release|Any CPU
		{D6D0EB05-EFE9-40D6-9EBE-D08091C63BC7}.Debug|Any CPU.ActiveCfg = Debug|Any CPU
		{D6D0EB05-EFE9-40D6-9EBE-D08091C63BC7}.Debug|Any CPU.Build.0 = Debug|Any CPU
		{D6D0EB05-EFE9-40D6-9EBE-D08091C63BC7}.Release|Any CPU.ActiveCfg = Release|Any CPU
		{D6D0EB05-EFE9-40D6-9EBE-D08091C63BC7}.Release|Any CPU.Build.0 = Release|Any CPU
	EndGlobalSection
	GlobalSection(SolutionProperties) = preSolution
		HideSolutionNode = FALSE
	EndGlobalSection
	GlobalSection(ExtensibilityGlobals) = postSolution
		SolutionGuid = {34864234-321E-47F9-A951-E4A949529926}
	EndGlobalSection
EndGlobal
