
Microsoft Visual Studio Solution File, Format Version 12.00
# Visual Studio Version 16
VisualStudioVersion = 16.0.31205.134
MinimumVisualStudioVersion = 10.0.40219.1
Project("{FAE04EC0-301F-11D3-BF4B-00C04F79EFBC}") = "RTIS_Vulcan_UI", "RTIS_Vulcan_UI.csproj", "{D6D0EB05-EFE9-40D6-9EBE-D08091C63BC7}"
EndProject
Project("{54435603-DBB4-11D2-8724-00A0C9A8B90C}") = "Advannotech_UI", "..\Advannotech_UI\Advannotech_UI.vdproj", "{659E1CF0-6D08-4921-A072-26ED039333A7}"
EndProject
Global
	GlobalSection(SolutionConfigurationPlatforms) = preSolution
		Debug|Any CPU = Debug|Any CPU
		Release|Any CPU = Release|Any CPU
	EndGlobalSection
	GlobalSection(ProjectConfigurationPlatforms) = postSolution
		{D6D0EB05-EFE9-40D6-9EBE-D08091C63BC7}.Debug|Any CPU.ActiveCfg = Debug|Any CPU
		{D6D0EB05-EFE9-40D6-9EBE-D08091C63BC7}.Debug|Any CPU.Build.0 = Debug|Any CPU
		{D6D0EB05-EFE9-40D6-9EBE-D08091C63BC7}.Release|Any CPU.ActiveCfg = Release|Any CPU
		{D6D0EB05-EFE9-40D6-9EBE-D08091C63BC7}.Release|Any CPU.Build.0 = Release|Any CPU
		{659E1CF0-6D08-4921-A072-26ED039333A7}.Debug|Any CPU.ActiveCfg = Debug
		{659E1CF0-6D08-4921-A072-26ED039333A7}.Release|Any CPU.ActiveCfg = Release
	EndGlobalSection
	GlobalSection(SolutionProperties) = preSolution
		HideSolutionNode = FALSE
	EndGlobalSection
	GlobalSection(ExtensibilityGlobals) = postSolution
		SolutionGuid = {647D533F-76CD-4551-87AE-D0A51FB938E4}
	EndGlobalSection
EndGlobal
